
Microsoft Visual Studio Solution File, Format Version 12.00
# Visual Studio Version 17
VisualStudioVersion = 17.4.33403.182
MinimumVisualStudioVersion = 10.0.40219.1
Project("{FAE04EC0-301F-11D3-BF4B-00C04F79EFBC}") = "Conversor", "Conversor\Conversor.csproj", "{B81022A5-023A-48F5-960C-39BF20D45833}"
EndProject
Global
	GlobalSection(SolutionConfigurationPlatforms) = preSolution
		Debug|Any CPU = Debug|Any CPU
		Release|Any CPU = Release|Any CPU
	EndGlobalSection
	GlobalSection(ProjectConfigurationPlatforms) = postSolution
		{B81022A5-023A-48F5-960C-39BF20D45833}.Debug|Any CPU.ActiveCfg = Debug|Any CPU
		{B81022A5-023A-48F5-960C-39BF20D45833}.Debug|Any CPU.Build.0 = Debug|Any CPU
		{B81022A5-023A-48F5-960C-39BF20D45833}.Release|Any CPU.ActiveCfg = Release|Any CPU
		{B81022A5-023A-48F5-960C-39BF20D45833}.Release|Any CPU.Build.0 = Release|Any CPU
	EndGlobalSection
	GlobalSection(SolutionProperties) = preSolution
		HideSolutionNode = FALSE
	EndGlobalSection
	GlobalSection(ExtensibilityGlobals) = postSolution
		SolutionGuid = {1952ACD0-1DD9-4976-A5C3-0946F595BABB}
	EndGlobalSection
EndGlobal
